
Microsoft Visual Studio Solution File, Format Version 11.00
# Visual Studio Version 17

Project("{8BC9CEB8-8B4A-11D0-8D11-00A0C91BC942}") = "Synth - Standalone Plugin", "Synth_StandalonePlugin.vcxproj", "{D54F7E6A-D937-163D-2FCC-C5C2E2D59601}"
	ProjectSection(ProjectDependencies) = postProject
		{C72F4B83-A53D-D99A-A559-6078F1A187BE} = {C72F4B83-A53D-D99A-A559-6078F1A187BE}
	EndProjectSection
EndProject
Project("{8BC9CEB8-8B4A-11D0-8D11-00A0C91BC942}") = "Synth - VST3", "Synth_VST3.vcxproj", "{77E52895-DD5F-151D-244A-927412290CD6}"
	ProjectSection(ProjectDependencies) = postProject
		{C72F4B83-A53D-D99A-A559-6078F1A187BE} = {C72F4B83-A53D-D99A-A559-6078F1A187BE}
	EndProjectSection
EndProject
Project("{8BC9CEB8-8B4A-11D0-8D11-00A0C91BC942}") = "Synth - Shared Code", "Synth_SharedCode.vcxproj", "{C72F4B83-A53D-D99A-A559-6078F1A187BE}"
EndProject
Global
	GlobalSection(SolutionConfigurationPlatforms) = preSolution
		Debug|x64 = Debug|x64
		Release|x64 = Release|x64
	EndGlobalSection
	GlobalSection(ProjectConfigurationPlatforms) = postSolution
		{77E52895-DD5F-151D-244A-927412290CD6}.Debug|x64.ActiveCfg = Debug|x64
		{77E52895-DD5F-151D-244A-927412290CD6}.Debug|x64.Build.0 = Debug|x64
		{77E52895-DD5F-151D-244A-927412290CD6}.Release|x64.ActiveCfg = Release|x64
		{77E52895-DD5F-151D-244A-927412290CD6}.Release|x64.Build.0 = Release|x64
		{D54F7E6A-D937-163D-2FCC-C5C2E2D59601}.Debug|x64.ActiveCfg = Debug|x64
		{D54F7E6A-D937-163D-2FCC-C5C2E2D59601}.Debug|x64.Build.0 = Debug|x64
		{D54F7E6A-D937-163D-2FCC-C5C2E2D59601}.Release|x64.ActiveCfg = Release|x64
		{D54F7E6A-D937-163D-2FCC-C5C2E2D59601}.Release|x64.Build.0 = Release|x64
		{C72F4B83-A53D-D99A-A559-6078F1A187BE}.Debug|x64.ActiveCfg = Debug|x64
		{C72F4B83-A53D-D99A-A559-6078F1A187BE}.Debug|x64.Build.0 = Debug|x64
		{C72F4B83-A53D-D99A-A559-6078F1A187BE}.Release|x64.ActiveCfg = Release|x64
		{C72F4B83-A53D-D99A-A559-6078F1A187BE}.Release|x64.Build.0 = Release|x64
	EndGlobalSection
	GlobalSection(SolutionProperties) = preSolution
		HideSolutionNode = FALSE
	EndGlobalSection
EndGlobal
